Microsoft Visual Studio Solution File, Format Version 12.00
# Visual Studio Version 16
VisualStudioVersion = 16.0.0.0
MinimumVisualStudioVersion = 16.0.0.0
Project("{9A19103F-16F7-4668-BE54-9A1E7A4F7556}") = "devicetwinsimulator.Server", "Server\devicetwinsimulator.Server.csproj", "{A91DDBD0-59FE-447C-8EC0-96CD1EEE2C0C}"
EndProject
Project("{9A19103F-16F7-4668-BE54-9A1E7A4F7556}") = "devicetwinsimulator.Client", "Client\devicetwinsimulator.Client.csproj", "{2186C7DC-3418-4DD2-A9CE-C6C913666B54}"
EndProject
Project("{9A19103F-16F7-4668-BE54-9A1E7A4F7556}") = "devicetwinsimulator.Shared", "Shared\devicetwinsimulator.Shared.csproj", "{F1B68040-B06B-461A-A3BD-2E98E851CF0C}"
EndProject
Global
	GlobalSection(SolutionConfigurationPlatforms) = preSolution
		Debug|Any CPU = Debug|Any CPU
		Debug|x64 = Debug|x64
		Debug|x86 = Debug|x86
		Release|Any CPU = Release|Any CPU
		Release|x64 = Release|x64
		Release|x86 = Release|x86
	EndGlobalSection
	GlobalSection(ProjectConfigurationPlatforms) = postSolution
		{2186C7DC-3418-4DD2-A9CE-C6C913666B54}.Debug|Any CPU.ActiveCfg = Debug|Any CPU
		{2186C7DC-3418-4DD2-A9CE-C6C913666B54}.Debug|Any CPU.Build.0 = Debug|Any CPU
		{2186C7DC-3418-4DD2-A9CE-C6C913666B54}.Debug|x64.ActiveCfg = Debug|Any CPU
		{2186C7DC-3418-4DD2-A9CE-C6C913666B54}.Debug|x64.Build.0 = Debug|Any CPU
		{2186C7DC-3418-4DD2-A9CE-C6C913666B54}.Debug|x86.ActiveCfg = Debug|Any CPU
		{2186C7DC-3418-4DD2-A9CE-C6C913666B54}.Debug|x86.Build.0 = Debug|Any CPU
		{2186C7DC-3418-4DD2-A9CE-C6C913666B54}.Release|Any CPU.ActiveCfg = Release|Any CPU
		{2186C7DC-3418-4DD2-A9CE-C6C913666B54}.Release|Any CPU.Build.0 = Release|Any CPU
		{2186C7DC-3418-4DD2-A9CE-C6C913666B54}.Release|x64.ActiveCfg = Release|Any CPU
		{2186C7DC-3418-4DD2-A9CE-C6C913666B54}.Release|x64.Build.0 = Release|Any CPU
		{2186C7DC-3418-4DD2-A9CE-C6C913666B54}.Release|x86.ActiveCfg = Release|Any CPU
		{2186C7DC-3418-4DD2-A9CE-C6C913666B54}.Release|x86.Build.0 = Release|Any CPU
		{A91DDBD0-59FE-447C-8EC0-96CD1EEE2C0C}.Debug|Any CPU.ActiveCfg = Debug|Any CPU
		{A91DDBD0-59FE-447C-8EC0-96CD1EEE2C0C}.Debug|Any CPU.Build.0 = Debug|Any CPU
		{A91DDBD0-59FE-447C-8EC0-96CD1EEE2C0C}.Debug|x64.ActiveCfg = Debug|Any CPU
		{A91DDBD0-59FE-447C-8EC0-96CD1EEE2C0C}.Debug|x64.Build.0 = Debug|Any CPU
		{A91DDBD0-59FE-447C-8EC0-96CD1EEE2C0C}.Debug|x86.ActiveCfg = Debug|Any CPU
		{A91DDBD0-59FE-447C-8EC0-96CD1EEE2C0C}.Debug|x86.Build.0 = Debug|Any CPU
		{A91DDBD0-59FE-447C-8EC0-96CD1EEE2C0C}.Release|Any CPU.ActiveCfg = Release|Any CPU
		{A91DDBD0-59FE-447C-8EC0-96CD1EEE2C0C}.Release|Any CPU.Build.0 = Release|Any CPU
		{A91DDBD0-59FE-447C-8EC0-96CD1EEE2C0C}.Release|x64.ActiveCfg = Release|Any CPU
		{A91DDBD0-59FE-447C-8EC0-96CD1EEE2C0C}.Release|x64.Build.0 = Release|Any CPU
		{A91DDBD0-59FE-447C-8EC0-96CD1EEE2C0C}.Release|x86.ActiveCfg = Release|Any CPU
		{A91DDBD0-59FE-447C-8EC0-96CD1EEE2C0C}.Release|x86.Build.0 = Release|Any CPU
		{F1B68040-B06B-461A-A3BD-2E98E851CF0C}.Debug|Any CPU.ActiveCfg = Debug|Any CPU
		{F1B68040-B06B-461A-A3BD-2E98E851CF0C}.Debug|Any CPU.Build.0 = Debug|Any CPU
		{F1B68040-B06B-461A-A3BD-2E98E851CF0C}.Debug|x64.ActiveCfg = Debug|Any CPU
		{F1B68040-B06B-461A-A3BD-2E98E851CF0C}.Debug|x64.Build.0 = Debug|Any CPU
		{F1B68040-B06B-461A-A3BD-2E98E851CF0C}.Debug|x86.ActiveCfg = Debug|Any CPU
		{F1B68040-B06B-461A-A3BD-2E98E851CF0C}.Debug|x86.Build.0 = Debug|Any CPU
		{F1B68040-B06B-461A-A3BD-2E98E851CF0C}.Release|Any CPU.ActiveCfg = Release|Any CPU
		{F1B68040-B06B-461A-A3BD-2E98E851CF0C}.Release|Any CPU.Build.0 = Release|Any CPU
		{F1B68040-B06B-461A-A3BD-2E98E851CF0C}.Release|x64.ActiveCfg = Release|Any CPU
		{F1B68040-B06B-461A-A3BD-2E98E851CF0C}.Release|x64.Build.0 = Release|Any CPU
		{F1B68040-B06B-461A-A3BD-2E98E851CF0C}.Release|x86.ActiveCfg = Release|Any CPU
		{F1B68040-B06B-461A-A3BD-2E98E851CF0C}.Release|x86.Build.0 = Release|Any CPU
	EndGlobalSection
	GlobalSection(SolutionProperties) = preSolution
		HideSolutionNode = FALSE
	EndGlobalSection
	GlobalSection(ExtensibilityGlobals) = postSolution
		SolutionGuid = {2C7932D4-E7AC-42C0-BFB9-B3B099F7622D}
	EndGlobalSection
EndGlobal